
Microsoft Visual Studio Solution File, Format Version 12.00
# Visual Studio Version 17
VisualStudioVersion = 17.5.33530.505
MinimumVisualStudioVersion = 10.0.40219.1
Project("{9A19103F-16F7-4668-BE54-9A1E7A4F7556}") = "Selenify", "Selenify\Selenify.csproj", "{2B218937-82CF-4872-B2AF-EA90ADA7E75D}"
EndProject
Project("{FAE04EC0-301F-11D3-BF4B-00C04F79EFBC}") = "Selenify.Common", "Selenify.Common\Selenify.Common.csproj", "{B13A4484-6F65-484C-97B3-3741256DA8DA}"
EndProject
Project("{FAE04EC0-301F-11D3-BF4B-00C04F79EFBC}") = "Selenify.Selenium", "Selenify.Selenium\Selenify.Selenium.csproj", "{04DB4BEB-49BA-4397-9E5F-E073F5434174}"
EndProject
Global
	GlobalSection(SolutionConfigurationPlatforms) = preSolution
		Debug|Any CPU = Debug|Any CPU
		Release|Any CPU = Release|Any CPU
	EndGlobalSection
	GlobalSection(ProjectConfigurationPlatforms) = postSolution
		{2B218937-82CF-4872-B2AF-EA90ADA7E75D}.Debug|Any CPU.ActiveCfg = Debug|Any CPU
		{2B218937-82CF-4872-B2AF-EA90ADA7E75D}.Debug|Any CPU.Build.0 = Debug|Any CPU
		{2B218937-82CF-4872-B2AF-EA90ADA7E75D}.Release|Any CPU.ActiveCfg = Release|Any CPU
		{2B218937-82CF-4872-B2AF-EA90ADA7E75D}.Release|Any CPU.Build.0 = Release|Any CPU
		{B13A4484-6F65-484C-97B3-3741256DA8DA}.Debug|Any CPU.ActiveCfg = Debug|Any CPU
		{B13A4484-6F65-484C-97B3-3741256DA8DA}.Debug|Any CPU.Build.0 = Debug|Any CPU
		{B13A4484-6F65-484C-97B3-3741256DA8DA}.Release|Any CPU.ActiveCfg = Release|Any CPU
		{B13A4484-6F65-484C-97B3-3741256DA8DA}.Release|Any CPU.Build.0 = Release|Any CPU
		{04DB4BEB-49BA-4397-9E5F-E073F5434174}.Debug|Any CPU.ActiveCfg = Debug|Any CPU
		{04DB4BEB-49BA-4397-9E5F-E073F5434174}.Debug|Any CPU.Build.0 = Debug|Any CPU
		{04DB4BEB-49BA-4397-9E5F-E073F5434174}.Release|Any CPU.ActiveCfg = Release|Any CPU
		{04DB4BEB-49BA-4397-9E5F-E073F5434174}.Release|Any CPU.Build.0 = Release|Any CPU
	EndGlobalSection
	GlobalSection(SolutionProperties) = preSolution
		HideSolutionNode = FALSE
	EndGlobalSection
	GlobalSection(ExtensibilityGlobals) = postSolution
		SolutionGuid = {BCFF6292-F333-4F34-9E06-6EC2F445E78C}
	EndGlobalSection
EndGlobal
